
Microsoft Visual Studio Solution File, Format Version 12.00
# Visual Studio Version 17
VisualStudioVersion = 17.6.33829.357
MinimumVisualStudioVersion = 10.0.40219.1
Project("{FAE04EC0-301F-11D3-BF4B-00C04F79EFBC}") = "Atividade_UnicornioBOSS", "Atividade_UnicornioBOSS\Atividade_UnicornioBOSS.csproj", "{E7F02716-A45A-4C00-BBE2-19EAC4A664BD}"
EndProject
Global
	GlobalSection(SolutionConfigurationPlatforms) = preSolution
		Debug|Any CPU = Debug|Any CPU
		Release|Any CPU = Release|Any CPU
	EndGlobalSection
	GlobalSection(ProjectConfigurationPlatforms) = postSolution
		{E7F02716-A45A-4C00-BBE2-19EAC4A664BD}.Debug|Any CPU.ActiveCfg = Debug|Any CPU
		{E7F02716-A45A-4C00-BBE2-19EAC4A664BD}.Debug|Any CPU.Build.0 = Debug|Any CPU
		{E7F02716-A45A-4C00-BBE2-19EAC4A664BD}.Release|Any CPU.ActiveCfg = Release|Any CPU
		{E7F02716-A45A-4C00-BBE2-19EAC4A664BD}.Release|Any CPU.Build.0 = Release|Any CPU
	EndGlobalSection
	GlobalSection(SolutionProperties) = preSolution
		HideSolutionNode = FALSE
	EndGlobalSection
	GlobalSection(ExtensibilityGlobals) = postSolution
		SolutionGuid = {32DD34BC-7987-4AE1-8F4E-BCE492B73C7C}
	EndGlobalSection
EndGlobal
